// !$*UTF8*$!
{
	archiveVersion = 1;
	classes = {
	};
	objectVersion = 56;
	objects = {

/* Begin PBXBuildFile section */
		6E6C39882BF24CE90017CC1C /* LoginViewApp.swift in Sources */ = {isa = PBXBuildFile; fileRef = 6E6C39872BF24CE90017CC1C /* LoginViewApp.swift */; };
		6E6C398A2BF24CE90017CC1C /* ContentView.swift in Sources */ = {isa = PBXBuildFile; fileRef = 6E6C39892BF24CE90017CC1C /* ContentView.swift */; };
		6E6C398C2BF24CEA0017CC1C /* Assets.xcassets in Resources */ = {isa = PBXBuildFile; fileRef = 6E6C398B2BF24CEA0017CC1C /* Assets.xcassets */; };
		6E6C398F2BF24CEA0017CC1C /* Preview Assets.xcassets in Resources */ = {isa = PBXBuildFile; fileRef = 6E6C398E2BF24CEA0017CC1C /* Preview Assets.xcassets */; };
		6E6C39992BF24CEA0017CC1C /* LoginViewTests.swift in Sources */ = {isa = PBXBuildFile; fileRef = 6E6C39982BF24CEA0017CC1C /* LoginViewTests.swift */; };
		6E6C39A32BF24CEA0017CC1C /* LoginViewUITests.swift in Sources */ = {isa = PBXBuildFile; fileRef = 6E6C39A22BF24CEA0017CC1C /* LoginViewUITests.swift */; };
		6E6C39A52BF24CEA0017CC1C /* LoginViewUITestsLaunchTests.swift in Sources */ = {isa = PBXBuildFile; fileRef = 6E6C39A42BF24CEA0017CC1C /* LoginViewUITestsLaunchTests.swift */; };
/* End PBXBuildFile section */

/* Begin PBXContainerItemProxy section */
		6E6C39952BF24CEA0017CC1C /* PBXContainerItemProxy */ = {
			isa = PBXContainerItemProxy;
			containerPortal = 6E6C397C2BF24CE90017CC1C /* Project object */;
			proxyType = 1;
			remoteGlobalIDString = 6E6C39832BF24CE90017CC1C;
			remoteInfo = LoginView;
		};
		6E6C399F2BF24CEA0017CC1C /* PBXContainerItemProxy */ = {
			isa = PBXContainerItemProxy;
			containerPortal = 6E6C397C2BF24CE90017CC1C /* Project object */;
			proxyType = 1;
			remoteGlobalIDString = 6E6C39832BF24CE90017CC1C;
			remoteInfo = LoginView;
		};
/* End PBXContainerItemProxy section */

/* Begin PBXFileReference section */
		6E6C39842BF24CE90017CC1C /* LoginView.app */ = {isa = PBXFileReference; explicitFileType = wrapper.application; includeInIndex = 0; path = LoginView.app; sourceTree = BUILT_PRODUCTS_DIR; };
		6E6C39872BF24CE90017CC1C /* LoginViewApp.swift */ = {isa = PBXFileReference; lastKnownFileType = sourcecode.swift; path = LoginViewApp.swift; sourceTree = "<group>"; };
		6E6C39892BF24CE90017CC1C /* ContentView.swift */ = {isa = PBXFileReference; lastKnownFileType = sourcecode.swift; path = ContentView.swift; sourceTree = "<group>"; };
		6E6C398B2BF24CEA0017CC1C /* Assets.xcassets */ = {isa = PBXFileReference; lastKnownFileType = folder.assetcatalog; path = Assets.xcassets; sourceTree = "<group>"; };
		6E6C398E2BF24CEA0017CC1C /* Preview Assets.xcassets */ = {isa = PBXFileReference; lastKnownFileType = folder.assetcatalog; path = "Preview Assets.xcassets"; sourceTree = "<group>"; };
		6E6C39942BF24CEA0017CC1C /* LoginViewTests.xctest */ = {isa = PBXFileReference; explicitFileType = wrapper.cfbundle; includeInIndex = 0; path = LoginViewTests.xctest; sourceTree = BUILT_PRODUCTS_DIR; };
		6E6C39982BF24CEA0017CC1C /* LoginViewTests.swift */ = {isa = PBXFileReference; lastKnownFileType = sourcecode.swift; path = LoginViewTests.swift; sourceTree = "<group>"; };
		6E6C399E2BF24CEA0017CC1C /* LoginViewUITests.xctest */ = {isa = PBXFileReference; explicitFileType = wrapper.cfbundle; includeInIndex = 0; path = LoginViewUITests.xctest; sourceTree = BUILT_PRODUCTS_DIR; };
		6E6C39A22BF24CEA0017CC1C /* LoginViewUITests.swift */ = {isa = PBXFileReference; lastKnownFileType = sourcecode.swift; path = LoginViewUITests.swift; sourceTree = "<group>"; };
		6E6C39A42BF24CEA0017CC1C /* LoginViewUITestsLaunchTests.swift */ = {isa = PBXFileReference; lastKnownFileType = sourcecode.swift; path = LoginViewUITestsLaunchTests.swift; sourceTree = "<group>"; };
/* End PBXFileReference section */

/* Begin PBXFrameworksBuildPhase section */
		6E6C39812BF24CE90017CC1C /* Frameworks */ = {
			isa = PBXFrameworksBuildPhase;
			buildActionMask = 2147483647;
			files = (
			);
			runOnlyForDeploymentPostprocessing = 0;
		};
		6E6C39912BF24CEA0017CC1C /* Frameworks */ = {
			isa = PBXFrameworksBuildPhase;
			buildActionMask = 2147483647;
			files = (
			);
			runOnlyForDeploymentPostprocessing = 0;
		};
		6E6C399B2BF24CEA0017CC1C /* Frameworks */ = {
			isa = PBXFrameworksBuildPhase;
			buildActionMask = 2147483647;
			files = (
			);
			runOnlyForDeploymentPostprocessing = 0;
		};
/* End PBXFrameworksBuildPhase section */

/* Begin PBXGroup section */
		6E6C397B2BF24CE90017CC1C = {
			isa = PBXGroup;
			children = (
				6E6C39862BF24CE90017CC1C /* LoginView */,
				6E6C39972BF24CEA0017CC1C /* LoginViewTests */,
				6E6C39A12BF24CEA0017CC1C /* LoginViewUITests */,
				6E6C39852BF24CE90017CC1C /* Products */,
			);
			sourceTree = "<group>";
		};
		6E6C39852BF24CE90017CC1C /* Products */ = {
			isa = PBXGroup;
			children = (
				6E6C39842BF24CE90017CC1C /* LoginView.app */,
				6E6C39942BF24CEA0017CC1C /* LoginViewTests.xctest */,
				6E6C399E2BF24CEA0017CC1C /* LoginViewUITests.xctest */,
			);
			name = Products;
			sourceTree = "<group>";
		};
		6E6C39862BF24CE90017CC1C /* LoginView */ = {
			isa = PBXGroup;
			children = (
				6E6C39872BF24CE90017CC1C /* LoginViewApp.swift */,
				6E6C39892BF24CE90017CC1C /* ContentView.swift */,
				6E6C398B2BF24CEA0017CC1C /* Assets.xcassets */,
				6E6C398D2BF24CEA0017CC1C /* Preview Content */,
			);
			path = LoginView;
			sourceTree = "<group>";
		};
		6E6C398D2BF24CEA0017CC1C /* Preview Content */ = {
			isa = PBXGroup;
			children = (
				6E6C398E2BF24CEA0017CC1C /* Preview Assets.xcassets */,
			);
			path = "Preview Content";
			sourceTree = "<group>";
		};
		6E6C39972BF24CEA0017CC1C /* LoginViewTests */ = {
			isa = PBXGroup;
			children = (
				6E6C39982BF24CEA0017CC1C /* LoginViewTests.swift */,
			);
			path = LoginViewTests;
			sourceTree = "<group>";
		};
		6E6C39A12BF24CEA0017CC1C /* LoginViewUITests */ = {
			isa = PBXGroup;
			children = (
				6E6C39A22BF24CEA0017CC1C /* LoginViewUITests.swift */,
				6E6C39A42BF24CEA0017CC1C /* LoginViewUITestsLaunchTests.swift */,
			);
			path = LoginViewUITests;
			sourceTree = "<group>";
		};
/* End PBXGroup section */

/* Begin PBXNativeTarget section */
		6E6C39832BF24CE90017CC1C /* LoginView */ = {
			isa = PBXNativeTarget;
			buildConfigurationList = 6E6C39A82BF24CEA0017CC1C /* Build configuration list for PBXNativeTarget "LoginView" */;
			buildPhases = (
				6E6C39802BF24CE90017CC1C /* Sources */,
				6E6C39812BF24CE90017CC1C /* Frameworks */,
				6E6C39822BF24CE90017CC1C /* Resources */,
			);
			buildRules = (
			);
			dependencies = (
			);
			name = LoginView;
			productName = LoginView;
			productReference = 6E6C39842BF24CE90017CC1C /* LoginView.app */;
			productType = "com.apple.product-type.application";
		};
		6E6C39932BF24CEA0017CC1C /* LoginViewTests */ = {
			isa = PBXNativeTarget;
			buildConfigurationList = 6E6C39AB2BF24CEA0017CC1C /* Build configuration list for PBXNativeTarget "LoginViewTests" */;
			buildPhases = (
				6E6C39902BF24CEA0017CC1C /* Sources */,
				6E6C39912BF24CEA0017CC1C /* Frameworks */,
				6E6C39922BF24CEA0017CC1C /* Resources */,
			);
			buildRules = (
			);
			dependencies = (
				6E6C39962BF24CEA0017CC1C /* PBXTargetDependency */,
			);
			name = LoginViewTests;
			productName = LoginViewTests;
			productReference = 6E6C39942BF24CEA0017CC1C /* LoginViewTests.xctest */;
			productType = "com.apple.product-type.bundle.unit-test";
		};
		6E6C399D2BF24CEA0017CC1C /* LoginViewUITests */ = {
			isa = PBXNativeTarget;
			buildConfigurationList = 6E6C39AE2BF24CEA0017CC1C /* Build configuration list for PBXNativeTarget "LoginViewUITests" */;
			buildPhases = (
				6E6C399A2BF24CEA0017CC1C /* Sources */,
				6E6C399B2BF24CEA0017CC1C /* Frameworks */,
				6E6C399C2BF24CEA0017CC1C /* Resources */,
			);
			buildRules = (
			);
			dependencies = (
				6E6C39A02BF24CEA0017CC1C /* PBXTargetDependency */,
			);
			name = LoginViewUITests;
			productName = LoginViewUITests;
			productReference = 6E6C399E2BF24CEA0017CC1C /* LoginViewUITests.xctest */;
			productType = "com.apple.product-type.bundle.ui-testing";
		};
/* End PBXNativeTarget section */

/* Begin PBXProject section */
		6E6C397C2BF24CE90017CC1C /* Project object */ = {
			isa = PBXProject;
			attributes = {
				BuildIndependentTargetsInParallel = 1;
				LastSwiftUpdateCheck = 1530;
				LastUpgradeCheck = 1530;
				TargetAttributes = {
					6E6C39832BF24CE90017CC1C = {
						CreatedOnToolsVersion = 15.3;
					};
					6E6C39932BF24CEA0017CC1C = {
						CreatedOnToolsVersion = 15.3;
						TestTargetID = 6E6C39832BF24CE90017CC1C;
					};
					6E6C399D2BF24CEA0017CC1C = {
						CreatedOnToolsVersion = 15.3;
						TestTargetID = 6E6C39832BF24CE90017CC1C;
					};
				};
			};
			buildConfigurationList = 6E6C397F2BF24CE90017CC1C /* Build configuration list for PBXProject "LoginView" */;
			compatibilityVersion = "Xcode 14.0";
			developmentRegion = en;
			hasScannedForEncodings = 0;
			knownRegions = (
				en,
				Base,
			);
			mainGroup = 6E6C397B2BF24CE90017CC1C;
			productRefGroup = 6E6C39852BF24CE90017CC1C /* Products */;
			projectDirPath = "";
			projectRoot = "";
			targets = (
				6E6C39832BF24CE90017CC1C /* LoginView */,
				6E6C39932BF24CEA0017CC1C /* LoginViewTests */,
				6E6C399D2BF24CEA0017CC1C /* LoginViewUITests */,
			);
		};
/* End PBXProject section */

/* Begin PBXResourcesBuildPhase section */
		6E6C39822BF24CE90017CC1C /* Resources */ = {
			isa = PBXResourcesBuildPhase;
			buildActionMask = 2147483647;
			files = (
				6E6C398F2BF24CEA0017CC1C /* Preview Assets.xcassets in Resources */,
				6E6C398C2BF24CEA0017CC1C /* Assets.xcassets in Resources */,
			);
			runOnlyForDeploymentPostprocessing = 0;
		};
		6E6C39922BF24CEA0017CC1C /* Resources */ = {
			isa = PBXResourcesBuildPhase;
			buildActionMask = 2147483647;
			files = (
			);
			runOnlyForDeploymentPostprocessing = 0;
		};
		6E6C399C2BF24CEA0017CC1C /* Resources */ = {
			isa = PBXResourcesBuildPhase;
			buildActionMask = 2147483647;
			files = (
			);
			runOnlyForDeploymentPostprocessing = 0;
		};
/* End PBXResourcesBuildPhase section */

/* Begin PBXSourcesBuildPhase section */
		6E6C39802BF24CE90017CC1C /* Sources */ = {
			isa = PBXSourcesBuildPhase;
			buildActionMask = 2147483647;
			files = (
				6E6C398A2BF24CE90017CC1C /* ContentView.swift in Sources */,
				6E6C39882BF24CE90017CC1C /* LoginViewApp.swift in Sources */,
			);
			runOnlyForDeploymentPostprocessing = 0;
		};
		6E6C39902BF24CEA0017CC1C /* Sources */ = {
			isa = PBXSourcesBuildPhase;
			buildActionMask = 2147483647;
			files = (
				6E6C39992BF24CEA0017CC1C /* LoginViewTests.swift in Sources */,
			);
			runOnlyForDeploymentPostprocessing = 0;
		};
		6E6C399A2BF24CEA0017CC1C /* Sources */ = {
			isa = PBXSourcesBuildPhase;
			buildActionMask = 2147483647;
			files = (
				6E6C39A32BF24CEA0017CC1C /* LoginViewUITests.swift in Sources */,
				6E6C39A52BF24CEA0017CC1C /* LoginViewUITestsLaunchTests.swift in Sources */,
			);
			runOnlyForDeploymentPostprocessing = 0;
		};
/* End PBXSourcesBuildPhase section */

/* Begin PBXTargetDependency section */
		6E6C39962BF24CEA0017CC1C /* PBXTargetDependency */ = {
			isa = PBXTargetDependency;
			target = 6E6C39832BF24CE90017CC1C /* LoginView */;
			targetProxy = 6E6C39952BF24CEA0017CC1C /* PBXContainerItemProxy */;
		};
		6E6C39A02BF24CEA0017CC1C /* PBXTargetDependency */ = {
			isa = PBXTargetDependency;
			target = 6E6C39832BF24CE90017CC1C /* LoginView */;
			targetProxy = 6E6C399F2BF24CEA0017CC1C /* PBXContainerItemProxy */;
		};
/* End PBXTargetDependency section */

/* Begin XCBuildConfiguration section */
		6E6C39A62BF24CEA0017CC1C /* Debug */ = {
			isa = XCBuildConfiguration;
			buildSettings = {
				ALWAYS_SEARCH_USER_PATHS = NO;
				ASSETCATALOG_COMPILER_GENERATE_SWIFT_ASSET_SYMBOL_EXTENSIONS = YES;
				CLANG_ANALYZER_NONNULL = YES;
				CLANG_ANALYZER_NUMBER_OBJECT_CONVERSION = YES_AGGRESSIVE;
				CLANG_CXX_LANGUAGE_STANDARD = "gnu++20";
				CLANG_ENABLE_MODULES = YES;
				CLANG_ENABLE_OBJC_ARC = YES;
				CLANG_ENABLE_OBJC_WEAK = YES;
				CLANG_WARN_BLOCK_CAPTURE_AUTORELEASING = YES;
				CLANG_WARN_BOOL_CONVERSION = YES;
				CLANG_WARN_COMMA = YES;
				CLANG_WARN_CONSTANT_CONVERSION = YES;
				CLANG_WARN_DEPRECATED_OBJC_IMPLEMENTATIONS = YES;
				CLANG_WARN_DIRECT_OBJC_ISA_USAGE = YES_ERROR;
				CLANG_WARN_DOCUMENTATION_COMMENTS = YES;
				CLANG_WARN_EMPTY_BODY = YES;
				CLANG_WARN_ENUM_CONVERSION = YES;
				CLANG_WARN_INFINITE_RECURSION = YES;
				CLANG_WARN_INT_CONVERSION = YES;
				CLANG_WARN_NON_LITERAL_NULL_CONVERSION = YES;
				CLANG_WARN_OBJC_IMPLICIT_RETAIN_SELF = YES;
				CLANG_WARN_OBJC_LITERAL_CONVERSION = YES;
				CLANG_WARN_OBJC_ROOT_CLASS = YES_ERROR;
				CLANG_WARN_QUOTED_INCLUDE_IN_FRAMEWORK_HEADER = YES;
				CLANG_WARN_RANGE_LOOP_ANALYSIS = YES;
				CLANG_WARN_STRICT_PROTOTYPES = YES;
				CLANG_WARN_SUSPICIOUS_MOVE = YES;
				CLANG_WARN_UNGUARDED_AVAILABILITY = YES_AGGRESSIVE;
				CLANG_WARN_UNREACHABLE_CODE = YES;
				CLANG_WARN__DUPLICATE_METHOD_MATCH = YES;
				COPY_PHASE_STRIP = NO;
				DEBUG_INFORMATION_FORMAT = dwarf;
				ENABLE_STRICT_OBJC_MSGSEND = YES;
				ENABLE_TESTABILITY = YES;
				ENABLE_USER_SCRIPT_SANDBOXING = YES;
				GCC_C_LANGUAGE_STANDARD = gnu17;
				GCC_DYNAMIC_NO_PIC = NO;
				GCC_NO_COMMON_BLOCKS = YES;
				GCC_OPTIMIZATION_LEVEL = 0;
				GCC_PREPROCESSOR_DEFINITIONS = (
					"DEBUG=1",
					"$(inherited)",
				);
				GCC_WARN_64_TO_32_BIT_CONVERSION = YES;
				GCC_WARN_ABOUT_RETURN_TYPE = YES_ERROR;
				GCC_WARN_UNDECLARED_SELECTOR = YES;
				GCC_WARN_UNINITIALIZED_AUTOS = YES_AGGRESSIVE;
				GCC_WARN_UNUSED_FUNCTION = YES;
				GCC_WARN_UNUSED_VARIABLE = YES;
				IPHONEOS_DEPLOYMENT_TARGET = 17.4;
				LOCALIZATION_PREFERS_STRING_CATALOGS = YES;
				MTL_ENABLE_DEBUG_INFO = INCLUDE_SOURCE;
				MTL_FAST_MATH = YES;
				ONLY_ACTIVE_ARCH = YES;
				SDKROOT = iphoneos;
				SWIFT_ACTIVE_COMPILATION_CONDITIONS = "DEBUG $(inherited)";
				SWIFT_OPTIMIZATION_LEVEL = "-Onone";
			};
			name = Debug;
		};
		6E6C39A72BF24CEA0017CC1C /* Release */ = {
			isa = XCBuildConfiguration;
			buildSettings = {
				ALWAYS_SEARCH_USER_PATHS = NO;
				ASSETCATALOG_COMPILER_GENERATE_SWIFT_ASSET_SYMBOL_EXTENSIONS = YES;
				CLANG_ANALYZER_NONNULL = YES;
				CLANG_ANALYZER_NUMBER_OBJECT_CONVERSION = YES_AGGRESSIVE;
				CLANG_CXX_LANGUAGE_STANDARD = "gnu++20";
				CLANG_ENABLE_MODULES = YES;
				CLANG_ENABLE_OBJC_ARC = YES;
				CLANG_ENABLE_OBJC_WEAK = YES;
				CLANG_WARN_BLOCK_CAPTURE_AUTORELEASING = YES;
				CLANG_WARN_BOOL_CONVERSION = YES;
				CLANG_WARN_COMMA = YES;
				CLANG_WARN_CONSTANT_CONVERSION = YES;
				CLANG_WARN_DEPRECATED_OBJC_IMPLEMENTATIONS = YES;
				CLANG_WARN_DIRECT_OBJC_ISA_USAGE = YES_ERROR;
				CLANG_WARN_DOCUMENTATION_COMMENTS = YES;
				CLANG_WARN_EMPTY_BODY = YES;
				CLANG_WARN_ENUM_CONVERSION = YES;
				CLANG_WARN_INFINITE_RECURSION = YES;
				CLANG_WARN_INT_CONVERSION = YES;
				CLANG_WARN_NON_LITERAL_NULL_CONVERSION = YES;
				CLANG_WARN_OBJC_IMPLICIT_RETAIN_SELF = YES;
				CLANG_WARN_OBJC_LITERAL_CONVERSION = YES;
				CLANG_WARN_OBJC_ROOT_CLASS = YES_ERROR;
				CLANG_WARN_QUOTED_INCLUDE_IN_FRAMEWORK_HEADER = YES;
				CLANG_WARN_RANGE_LOOP_ANALYSIS = YES;
				CLANG_WARN_STRICT_PROTOTYPES = YES;
				CLANG_WARN_SUSPICIOUS_MOVE = YES;
				CLANG_WARN_UNGUARDED_AVAILABILITY = YES_AGGRESSIVE;
				CLANG_WARN_UNREACHABLE_CODE = YES;
				CLANG_WARN__DUPLICATE_METHOD_MATCH = YES;
				COPY_PHASE_STRIP = NO;
				DEBUG_INFORMATION_FORMAT = "dwarf-with-dsym";
				ENABLE_NS_ASSERTIONS = NO;
				ENABLE_STRICT_OBJC_MSGSEND = YES;
				ENABLE_USER_SCRIPT_SANDBOXING = YES;
				GCC_C_LANGUAGE_STANDARD = gnu17;
				GCC_NO_COMMON_BLOCKS = YES;
				GCC_WARN_64_TO_32_BIT_CONVERSION = YES;
				GCC_WARN_ABOUT_RETURN_TYPE = YES_ERROR;
				GCC_WARN_UNDECLARED_SELECTOR = YES;
				GCC_WARN_UNINITIALIZED_AUTOS = YES_AGGRESSIVE;
				GCC_WARN_UNUSED_FUNCTION = YES;
				GCC_WARN_UNUSED_VARIABLE = YES;
				IPHONEOS_DEPLOYMENT_TARGET = 17.4;
				LOCALIZATION_PREFERS_STRING_CATALOGS = YES;
				MTL_ENABLE_DEBUG_INFO = NO;
				MTL_FAST_MATH = YES;
				SDKROOT = iphoneos;
				SWIFT_COMPILATION_MODE = wholemodule;
				VALIDATE_PRODUCT = YES;
			};
			name = Release;
		};
		6E6C39A92BF24CEA0017CC1C /* Debug */ = {
			isa = XCBuildConfiguration;
			buildSettings = {
				ASSETCATALOG_COMPILER_APPICON_NAME = AppIcon;
				ASSETCATALOG_COMPILER_GLOBAL_ACCENT_COLOR_NAME = AccentColor;
				CODE_SIGN_STYLE = Automatic;
				CURRENT_PROJECT_VERSION = 1;
				DEVELOPMENT_ASSET_PATHS = "\"LoginView/Preview Content\"";
				ENABLE_PREVIEWS = YES;
				GENERATE_INFOPLIST_FILE = YES;
				INFOPLIST_KEY_UIApplicationSceneManifest_Generation = YES;
				INFOPLIST_KEY_UIApplicationSupportsIndirectInputEvents = YES;
				INFOPLIST_KEY_UILaunchScreen_Generation = YES;
				INFOPLIST_KEY_UISupportedInterfaceOrientations_iPad = "UIInterfaceOrientationPortrait UIInterfaceOrientationPortraitUpsideDown UIInterfaceOrientationLandscapeLeft UIInterfaceOrientationLandscapeRight";
				INFOPLIST_KEY_UISupportedInterfaceOrientations_iPhone = "UIInterfaceOrientationPortrait UIInterfaceOrientationLandscapeLeft UIInterfaceOrientationLandscapeRight";
				LD_RUNPATH_SEARCH_PATHS = (
					"$(inherited)",
					"@executable_path/Frameworks",
				);
				MARKETING_VERSION = 1.0;
				PRODUCT_BUNDLE_IDENTIFIER = com.myname.LoginView;
				PRODUCT_NAME = "$(TARGET_NAME)";
				SWIFT_EMIT_LOC_STRINGS = YES;
				SWIFT_VERSION = 5.0;
				TARGETED_DEVICE_FAMILY = "1,2";
			};
			name = Debug;
		};
		6E6C39AA2BF24CEA0017CC1C /* Release */ = {
			isa = XCBuildConfiguration;
			buildSettings = {
				ASSETCATALOG_COMPILER_APPICON_NAME = AppIcon;
				ASSETCATALOG_COMPILER_GLOBAL_ACCENT_COLOR_NAME = AccentColor;
				CODE_SIGN_STYLE = Automatic;
				CURRENT_PROJECT_VERSION = 1;
				DEVELOPMENT_ASSET_PATHS = "\"LoginView/Preview Content\"";
				ENABLE_PREVIEWS = YES;
				GENERATE_INFOPLIST_FILE = YES;
				INFOPLIST_KEY_UIApplicationSceneManifest_Generation = YES;
				INFOPLIST_KEY_UIApplicationSupportsIndirectInputEvents = YES;
				INFOPLIST_KEY_UILaunchScreen_Generation = YES;
				INFOPLIST_KEY_UISupportedInterfaceOrientations_iPad = "UIInterfaceOrientationPortrait UIInterfaceOrientationPortraitUpsideDown UIInterfaceOrientationLandscapeLeft UIInterfaceOrientationLandscapeRight";
				INFOPLIST_KEY_UISupportedInterfaceOrientations_iPhone = "UIInterfaceOrientationPortrait UIInterfaceOrientationLandscapeLeft UIInterfaceOrientationLandscapeRight";
				LD_RUNPATH_SEARCH_PATHS = (
					"$(inherited)",
					"@executable_path/Frameworks",
				);
				MARKETING_VERSION = 1.0;
				PRODUCT_BUNDLE_IDENTIFIER = com.myname.LoginView;
				PRODUCT_NAME = "$(TARGET_NAME)";
				SWIFT_EMIT_LOC_STRINGS = YES;
				SWIFT_VERSION = 5.0;
				TARGETED_DEVICE_FAMILY = "1,2";
			};
			name = Release;
		};
		6E6C39AC2BF24CEA0017CC1C /* Debug */ = {
			isa = XCBuildConfiguration;
			buildSettings = {
				ALWAYS_EMBED_SWIFT_STANDARD_LIBRARIES = YES;
				BUNDLE_LOADER = "$(TEST_HOST)";
				CODE_SIGN_STYLE = Automatic;
				CURRENT_PROJECT_VERSION = 1;
				GENERATE_INFOPLIST_FILE = YES;
				IPHONEOS_DEPLOYMENT_TARGET = 17.4;
				MARKETING_VERSION = 1.0;
				PRODUCT_BUNDLE_IDENTIFIER = com.myname.LoginViewTests;
				PRODUCT_NAME = "$(TARGET_NAME)";
				SWIFT_EMIT_LOC_STRINGS = NO;
				SWIFT_VERSION = 5.0;
				TARGETED_DEVICE_FAMILY = "1,2";
				TEST_HOST = "$(BUILT_PRODUCTS_DIR)/LoginView.app/$(BUNDLE_EXECUTABLE_FOLDER_PATH)/LoginView";
			};
			name = Debug;
		};
		6E6C39AD2BF24CEA0017CC1C /* Release */ = {
			isa = XCBuildConfiguration;
			buildSettings = {
				ALWAYS_EMBED_SWIFT_STANDARD_LIBRARIES = YES;
				BUNDLE_LOADER = "$(TEST_HOST)";
				CODE_SIGN_STYLE = Automatic;
				CURRENT_PROJECT_VERSION = 1;
				GENERATE_INFOPLIST_FILE = YES;
				IPHONEOS_DEPLOYMENT_TARGET = 17.4;
				MARKETING_VERSION = 1.0;
				PRODUCT_BUNDLE_IDENTIFIER = com.myname.LoginViewTests;
				PRODUCT_NAME = "$(TARGET_NAME)";
				SWIFT_EMIT_LOC_STRINGS = NO;
				SWIFT_VERSION = 5.0;
				TARGETED_DEVICE_FAMILY = "1,2";
				TEST_HOST = "$(BUILT_PRODUCTS_DIR)/LoginView.app/$(BUNDLE_EXECUTABLE_FOLDER_PATH)/LoginView";
			};
			name = Release;
		};
		6E6C39AF2BF24CEA0017CC1C /* Debug */ = {
			isa = XCBuildConfiguration;
			buildSettings = {
				ALWAYS_EMBED_SWIFT_STANDARD_LIBRARIES = YES;
				CODE_SIGN_STYLE = Automatic;
				CURRENT_PROJECT_VERSION = 1;
				GENERATE_INFOPLIST_FILE = YES;
				MARKETING_VERSION = 1.0;
				PRODUCT_BUNDLE_IDENTIFIER = com.myname.LoginViewUITests;
				PRODUCT_NAME = "$(TARGET_NAME)";
				SWIFT_EMIT_LOC_STRINGS = NO;
				SWIFT_VERSION = 5.0;
				TARGETED_DEVICE_FAMILY = "1,2";
				TEST_TARGET_NAME = LoginView;
			};
			name = Debug;
		};
		6E6C39B02BF24CEA0017CC1C /* Release */ = {
			isa = XCBuildConfiguration;
			buildSettings = {
				ALWAYS_EMBED_SWIFT_STANDARD_LIBRARIES = YES;
				CODE_SIGN_STYLE = Automatic;
				CURRENT_PROJECT_VERSION = 1;
				GENERATE_INFOPLIST_FILE = YES;
				MARKETING_VERSION = 1.0;
				PRODUCT_BUNDLE_IDENTIFIER = com.myname.LoginViewUITests;
				PRODUCT_NAME = "$(TARGET_NAME)";
				SWIFT_EMIT_LOC_STRINGS = NO;
				SWIFT_VERSION = 5.0;
				TARGETED_DEVICE_FAMILY = "1,2";
				TEST_TARGET_NAME = LoginView;
			};
			name = Release;
		};
/* End XCBuildConfiguration section */

/* Begin XCConfigurationList section */
		6E6C397F2BF24CE90017CC1C /* Build configuration list for PBXProject "LoginView" */ = {
			isa = XCConfigurationList;
			buildConfigurations = (
				6E6C39A62BF24CEA0017CC1C /* Debug */,
				6E6C39A72BF24CEA0017CC1C /* Release */,
			);
			defaultConfigurationIsVisible = 0;
			defaultConfigurationName = Release;
		};
		6E6C39A82BF24CEA0017CC1C /* Build configuration list for PBXNativeTarget "LoginView" */ = {
			isa = XCConfigurationList;
			buildConfigurations = (
				6E6C39A92BF24CEA0017CC1C /* Debug */,
				6E6C39AA2BF24CEA0017CC1C /* Release */,
			);
			defaultConfigurationIsVisible = 0;
			defaultConfigurationName = Release;
		};
		6E6C39AB2BF24CEA0017CC1C /* Build configuration list for PBXNativeTarget "LoginViewTests" */ = {
			isa = XCConfigurationList;
			buildConfigurations = (
				6E6C39AC2BF24CEA0017CC1C /* Debug */,
				6E6C39AD2BF24CEA0017CC1C /* Release */,
			);
			defaultConfigurationIsVisible = 0;
			defaultConfigurationName = Release;
		};
		6E6C39AE2BF24CEA0017CC1C /* Build configuration list for PBXNativeTarget "LoginViewUITests" */ = {
			isa = XCConfigurationList;
			buildConfigurations = (
				6E6C39AF2BF24CEA0017CC1C /* Debug */,
				6E6C39B02BF24CEA0017CC1C /* Release */,
			);
			defaultConfigurationIsVisible = 0;
			defaultConfigurationName = Release;
		};
/* End XCConfigurationList section */
	};
	rootObject = 6E6C397C2BF24CE90017CC1C /* Project object */;
}
